{
  "name": "@trumpsaid/server",
  "version": "1.0.0",
  "lockfileVersion": 1,
  "requires": true,
  "dependencies": {
    "@types/dotenv": {
      "version": "4.0.3",
      "resolved": "https://registry.npmjs.org/@types/dotenv/-/dotenv-4.0.3.tgz",
      "integrity": "sha512-mmhpINC/HcLGQK5ikFJlLXINVvcxhlrV+ZOUJSN7/ottYl+8X4oSXzS9lBtDkmWAl96EGyGyLrNvk9zqdSH8Fw==",
      "dev": true,
      "requires": {
        "@types/node": "*"
      }
    },
    "@types/dotenv-safe": {
      "version": "5.0.0",
      "resolved": "https://registry.npmjs.org/@types/dotenv-safe/-/dotenv-safe-5.0.0.tgz",
      "integrity": "sha512-+Xi12xpi2V3xnNO3YXuAdeORQSMOu3UcWeuKfIeFZj0oG8LP3WVLMYGGh0nf43i6JDtOhuTRq+lplDFMJzC+4Q==",
      "dev": true,
      "requires": {
        "@types/dotenv": "*"
      }
    },
    "@types/node": {
      "version": "10.7.1",
      "resolved": "https://registry.npmjs.org/@types/node/-/node-10.7.1.tgz",
      "integrity": "sha512-EGoI4ylB/lPOaqXqtzAyL8HcgOuCtH2hkEaLmkueOYufsTFWBn4VCvlCDC2HW8Q+9iF+QVC3sxjDKQYjHQeZ9w==",
      "dev": true
    },
    "graphql-import": {
      "version": "0.6.0",
      "requires": {
        "lodash": "^4.17.4"
      },
      "dependencies": {
        "lodash": {
          "version": "4.17.10",
          "resolved": "https://registry.npmjs.org/lodash/-/lodash-4.17.10.tgz",
          "integrity": "sha512-UejweD1pDoXu+AD825lWwp4ZGtSwgnpZxb3JDViD7StjQz+Nb/6l093lx4OQ0foGWNRoc19mWy7BzL+UAK2iVg=="
        }
      }
    }
  }
}
